
Microsoft Visual Studio Solution File, Format Version 12.00
# Visual Studio 15
VisualStudioVersion = 15.0.28307.168
MinimumVisualStudioVersion = 10.0.40219.1
Project("{FAE04EC0-301F-11D3-BF4B-00C04F79EFBC}") = "SoulsAnim", "SoulsAnim\SoulsAnim.csproj", "{E9FB1521-B323-4CC2-8842-628ED743E514}"
EndProject
Global
	GlobalSection(SolutionConfigurationPlatforms) = preSolution
		Debug|Any CPU = Debug|Any CPU
		Release|Any CPU = Release|Any CPU
	EndGlobalSection
	GlobalSection(ProjectConfigurationPlatforms) = postSolution
		{E9FB1521-B323-4CC2-8842-628ED743E514}.Debug|Any CPU.ActiveCfg = Debug|Any CPU
		{E9FB1521-B323-4CC2-8842-628ED743E514}.Debug|Any CPU.Build.0 = Debug|Any CPU
		{E9FB1521-B323-4CC2-8842-628ED743E514}.Release|Any CPU.ActiveCfg = Release|Any CPU
		{E9FB1521-B323-4CC2-8842-628ED743E514}.Release|Any CPU.Build.0 = Release|Any CPU
	EndGlobalSection
	GlobalSection(SolutionProperties) = preSolution
		HideSolutionNode = FALSE
	EndGlobalSection
	GlobalSection(ExtensibilityGlobals) = postSolution
		SolutionGuid = {0F01778A-67E6-4535-B9A5-638A630A68E9}
	EndGlobalSection
EndGlobal
